
Microsoft Visual Studio Solution File, Format Version 12.00
# Visual Studio Version 17
VisualStudioVersion = 17.5.33502.453
MinimumVisualStudioVersion = 10.0.40219.1
Project("{FAE04EC0-301F-11D3-BF4B-00C04F79EFBC}") = "Sochs.Display", "Sochs.Display\Sochs.Display.csproj", "{ABF6A222-3972-42A4-838B-C84632A65C60}"
EndProject
Global
	GlobalSection(SolutionConfigurationPlatforms) = preSolution
		Debug|Any CPU = Debug|Any CPU
		Release|Any CPU = Release|Any CPU
	EndGlobalSection
	GlobalSection(ProjectConfigurationPlatforms) = postSolution
		{ABF6A222-3972-42A4-838B-C84632A65C60}.Debug|Any CPU.ActiveCfg = Debug|Any CPU
		{ABF6A222-3972-42A4-838B-C84632A65C60}.Debug|Any CPU.Build.0 = Debug|Any CPU
		{ABF6A222-3972-42A4-838B-C84632A65C60}.Release|Any CPU.ActiveCfg = Release|Any CPU
		{ABF6A222-3972-42A4-838B-C84632A65C60}.Release|Any CPU.Build.0 = Release|Any CPU
	EndGlobalSection
	GlobalSection(SolutionProperties) = preSolution
		HideSolutionNode = FALSE
	EndGlobalSection
	GlobalSection(ExtensibilityGlobals) = postSolution
		SolutionGuid = {42FD825F-B0F0-47B7-BB57-152FBC19B0AF}
	EndGlobalSection
EndGlobal
