
Microsoft Visual Studio Solution File, Format Version 12.00
# Visual Studio Version 17
VisualStudioVersion = 17.5.33502.453
MinimumVisualStudioVersion = 10.0.40219.1
Project("{2150E333-8FDC-42A3-9474-1A3956D46DE8}") = "SolutionItems", "SolutionItems", "{0D3DFF46-CE9F-48BC-908F-A0288CC44687}"
	ProjectSection(SolutionItems) = preProject
		.gitignore = .gitignore
		deploy.ps1 = deploy.ps1
		README.md = README.md
	EndProjectSection
EndProject
Project("{9A19103F-16F7-4668-BE54-9A1E7A4F7556}") = "Sochs.App", "Sochs.App\Sochs.App.csproj", "{B96F41E3-09E4-4DCC-8BD6-1F08D240F183}"
EndProject
Project("{9A19103F-16F7-4668-BE54-9A1E7A4F7556}") = "Sochs.Library", "Sochs.Library\Sochs.Library.csproj", "{66652AEF-3091-41F3-9E59-7A78253964FC}"
EndProject
Global
	GlobalSection(SolutionConfigurationPlatforms) = preSolution
		Debug|Any CPU = Debug|Any CPU
		Release|Any CPU = Release|Any CPU
	EndGlobalSection
	GlobalSection(ProjectConfigurationPlatforms) = postSolution
		{B96F41E3-09E4-4DCC-8BD6-1F08D240F183}.Debug|Any CPU.ActiveCfg = Debug|Any CPU
		{B96F41E3-09E4-4DCC-8BD6-1F08D240F183}.Debug|Any CPU.Build.0 = Debug|Any CPU
		{B96F41E3-09E4-4DCC-8BD6-1F08D240F183}.Release|Any CPU.ActiveCfg = Release|Any CPU
		{B96F41E3-09E4-4DCC-8BD6-1F08D240F183}.Release|Any CPU.Build.0 = Release|Any CPU
		{66652AEF-3091-41F3-9E59-7A78253964FC}.Debug|Any CPU.ActiveCfg = Debug|Any CPU
		{66652AEF-3091-41F3-9E59-7A78253964FC}.Debug|Any CPU.Build.0 = Debug|Any CPU
		{66652AEF-3091-41F3-9E59-7A78253964FC}.Release|Any CPU.ActiveCfg = Release|Any CPU
		{66652AEF-3091-41F3-9E59-7A78253964FC}.Release|Any CPU.Build.0 = Release|Any CPU
	EndGlobalSection
	GlobalSection(SolutionProperties) = preSolution
		HideSolutionNode = FALSE
	EndGlobalSection
	GlobalSection(ExtensibilityGlobals) = postSolution
		SolutionGuid = {42FD825F-B0F0-47B7-BB57-152FBC19B0AF}
	EndGlobalSection
EndGlobal
